
Microsoft Visual Studio Solution File, Format Version 12.00
# Visual Studio Version 17
VisualStudioVersion = 17.4.33213.308
MinimumVisualStudioVersion = 10.0.40219.1
Project("{FAE04EC0-301F-11D3-BF4B-00C04F79EFBC}") = "BlazorApp_DynamicForm", "BlazorApp_DynamicForm.csproj", "{ED054738-EB64-4F2F-BA08-E194ACABFC52}"
EndProject
Global
	GlobalSection(SolutionConfigurationPlatforms) = preSolution
		Debug|Any CPU = Debug|Any CPU
		Release|Any CPU = Release|Any CPU
	EndGlobalSection
	GlobalSection(ProjectConfigurationPlatforms) = postSolution
		{ED054738-EB64-4F2F-BA08-E194ACABFC52}.Debug|Any CPU.ActiveCfg = Debug|Any CPU
		{ED054738-EB64-4F2F-BA08-E194ACABFC52}.Debug|Any CPU.Build.0 = Debug|Any CPU
		{ED054738-EB64-4F2F-BA08-E194ACABFC52}.Release|Any CPU.ActiveCfg = Release|Any CPU
		{ED054738-EB64-4F2F-BA08-E194ACABFC52}.Release|Any CPU.Build.0 = Release|Any CPU
	EndGlobalSection
	GlobalSection(SolutionProperties) = preSolution
		HideSolutionNode = FALSE
	EndGlobalSection
	GlobalSection(ExtensibilityGlobals) = postSolution
		SolutionGuid = {A88EA20B-5132-4E24-BCAC-160527F7A0B7}
	EndGlobalSection
EndGlobal
