
Microsoft Visual Studio Solution File, Format Version 12.00
# Visual Studio Version 17
VisualStudioVersion = 17.4.33213.308
MinimumVisualStudioVersion = 10.0.40219.1
Project("{FAE04EC0-301F-11D3-BF4B-00C04F79EFBC}") = "BlazorApp2_Chartjs_File", "BlazorApp2_Chartjs_File\BlazorApp2_Chartjs_File.csproj", "{433D5657-78C2-4C77-9E17-7C2A9A5B6158}"
EndProject
Global
	GlobalSection(SolutionConfigurationPlatforms) = preSolution
		Debug|Any CPU = Debug|Any CPU
		Release|Any CPU = Release|Any CPU
	EndGlobalSection
	GlobalSection(ProjectConfigurationPlatforms) = postSolution
		{433D5657-78C2-4C77-9E17-7C2A9A5B6158}.Debug|Any CPU.ActiveCfg = Debug|Any CPU
		{433D5657-78C2-4C77-9E17-7C2A9A5B6158}.Debug|Any CPU.Build.0 = Debug|Any CPU
		{433D5657-78C2-4C77-9E17-7C2A9A5B6158}.Release|Any CPU.ActiveCfg = Release|Any CPU
		{433D5657-78C2-4C77-9E17-7C2A9A5B6158}.Release|Any CPU.Build.0 = Release|Any CPU
	EndGlobalSection
	GlobalSection(SolutionProperties) = preSolution
		HideSolutionNode = FALSE
	EndGlobalSection
	GlobalSection(ExtensibilityGlobals) = postSolution
		SolutionGuid = {6D9FB34C-8033-4BC6-A6B9-63B8E3795B61}
	EndGlobalSection
EndGlobal
