
Microsoft Visual Studio Solution File, Format Version 12.00
# Visual Studio Version 17
VisualStudioVersion = 17.4.33213.308
MinimumVisualStudioVersion = 10.0.40219.1
Project("{FAE04EC0-301F-11D3-BF4B-00C04F79EFBC}") = "BlazorApp3_mud.Server", "BlazorApp3_mud\Server\BlazorApp3_mud.Server.csproj", "{D22551F4-6A9A-423C-A807-BAEF488858D5}"
EndProject
Project("{FAE04EC0-301F-11D3-BF4B-00C04F79EFBC}") = "BlazorApp3_mud.Client", "BlazorApp3_mud\Client\BlazorApp3_mud.Client.csproj", "{70C09552-C38E-451A-97BB-6B78BA122564}"
EndProject
Project("{FAE04EC0-301F-11D3-BF4B-00C04F79EFBC}") = "BlazorApp3_mud.Shared", "BlazorApp3_mud\Shared\BlazorApp3_mud.Shared.csproj", "{7A69895A-F596-4A93-A7B0-087E76ADD236}"
EndProject
Global
	GlobalSection(SolutionConfigurationPlatforms) = preSolution
		Debug|Any CPU = Debug|Any CPU
		Release|Any CPU = Release|Any CPU
	EndGlobalSection
	GlobalSection(ProjectConfigurationPlatforms) = postSolution
		{D22551F4-6A9A-423C-A807-BAEF488858D5}.Debug|Any CPU.ActiveCfg = Debug|Any CPU
		{D22551F4-6A9A-423C-A807-BAEF488858D5}.Debug|Any CPU.Build.0 = Debug|Any CPU
		{D22551F4-6A9A-423C-A807-BAEF488858D5}.Release|Any CPU.ActiveCfg = Release|Any CPU
		{D22551F4-6A9A-423C-A807-BAEF488858D5}.Release|Any CPU.Build.0 = Release|Any CPU
		{70C09552-C38E-451A-97BB-6B78BA122564}.Debug|Any CPU.ActiveCfg = Debug|Any CPU
		{70C09552-C38E-451A-97BB-6B78BA122564}.Debug|Any CPU.Build.0 = Debug|Any CPU
		{70C09552-C38E-451A-97BB-6B78BA122564}.Release|Any CPU.ActiveCfg = Release|Any CPU
		{70C09552-C38E-451A-97BB-6B78BA122564}.Release|Any CPU.Build.0 = Release|Any CPU
		{7A69895A-F596-4A93-A7B0-087E76ADD236}.Debug|Any CPU.ActiveCfg = Debug|Any CPU
		{7A69895A-F596-4A93-A7B0-087E76ADD236}.Debug|Any CPU.Build.0 = Debug|Any CPU
		{7A69895A-F596-4A93-A7B0-087E76ADD236}.Release|Any CPU.ActiveCfg = Release|Any CPU
		{7A69895A-F596-4A93-A7B0-087E76ADD236}.Release|Any CPU.Build.0 = Release|Any CPU
	EndGlobalSection
	GlobalSection(SolutionProperties) = preSolution
		HideSolutionNode = FALSE
	EndGlobalSection
	GlobalSection(ExtensibilityGlobals) = postSolution
		SolutionGuid = {350DBC81-8FA5-40D9-99C6-F2A6A103D868}
	EndGlobalSection
EndGlobal
