
Microsoft Visual Studio Solution File, Format Version 12.00
# Visual Studio Version 17
VisualStudioVersion = 17.4.33213.308
MinimumVisualStudioVersion = 10.0.40219.1
Project("{FAE04EC0-301F-11D3-BF4B-00C04F79EFBC}") = "BlazorApp_Client1.Server", "BlazorApp_Client1\Server\BlazorApp_Client1.Server.csproj", "{9DF5B689-9C0E-4681-8086-1C819915D71A}"
EndProject
Project("{FAE04EC0-301F-11D3-BF4B-00C04F79EFBC}") = "BlazorApp_Client1.Client", "BlazorApp_Client1\Client\BlazorApp_Client1.Client.csproj", "{B83A9D3B-CDBB-490E-A869-EF42EF571DC3}"
EndProject
Project("{FAE04EC0-301F-11D3-BF4B-00C04F79EFBC}") = "BlazorApp_Client1.Shared", "BlazorApp_Client1\Shared\BlazorApp_Client1.Shared.csproj", "{8E67E512-2011-4680-AAAF-CD33409B8C93}"
EndProject
Global
	GlobalSection(SolutionConfigurationPlatforms) = preSolution
		Debug|Any CPU = Debug|Any CPU
		Release|Any CPU = Release|Any CPU
	EndGlobalSection
	GlobalSection(ProjectConfigurationPlatforms) = postSolution
		{9DF5B689-9C0E-4681-8086-1C819915D71A}.Debug|Any CPU.ActiveCfg = Debug|Any CPU
		{9DF5B689-9C0E-4681-8086-1C819915D71A}.Debug|Any CPU.Build.0 = Debug|Any CPU
		{9DF5B689-9C0E-4681-8086-1C819915D71A}.Release|Any CPU.ActiveCfg = Release|Any CPU
		{9DF5B689-9C0E-4681-8086-1C819915D71A}.Release|Any CPU.Build.0 = Release|Any CPU
		{B83A9D3B-CDBB-490E-A869-EF42EF571DC3}.Debug|Any CPU.ActiveCfg = Debug|Any CPU
		{B83A9D3B-CDBB-490E-A869-EF42EF571DC3}.Debug|Any CPU.Build.0 = Debug|Any CPU
		{B83A9D3B-CDBB-490E-A869-EF42EF571DC3}.Release|Any CPU.ActiveCfg = Release|Any CPU
		{B83A9D3B-CDBB-490E-A869-EF42EF571DC3}.Release|Any CPU.Build.0 = Release|Any CPU
		{8E67E512-2011-4680-AAAF-CD33409B8C93}.Debug|Any CPU.ActiveCfg = Debug|Any CPU
		{8E67E512-2011-4680-AAAF-CD33409B8C93}.Debug|Any CPU.Build.0 = Debug|Any CPU
		{8E67E512-2011-4680-AAAF-CD33409B8C93}.Release|Any CPU.ActiveCfg = Release|Any CPU
		{8E67E512-2011-4680-AAAF-CD33409B8C93}.Release|Any CPU.Build.0 = Release|Any CPU
	EndGlobalSection
	GlobalSection(SolutionProperties) = preSolution
		HideSolutionNode = FALSE
	EndGlobalSection
	GlobalSection(ExtensibilityGlobals) = postSolution
		SolutionGuid = {ED4151A1-0F76-4655-9830-55F05F81E66C}
	EndGlobalSection
EndGlobal
