
Microsoft Visual Studio Solution File, Format Version 12.00
# Visual Studio Version 17
VisualStudioVersion = 17.4.33213.308
MinimumVisualStudioVersion = 10.0.40219.1
Project("{FAE04EC0-301F-11D3-BF4B-00C04F79EFBC}") = "BlazorApp1_server_js", "BlazorApp1_server_js\BlazorApp1_server_js.csproj", "{9DBCABC3-82D8-4768-A28D-6788007BAD33}"
EndProject
Global
	GlobalSection(SolutionConfigurationPlatforms) = preSolution
		Debug|Any CPU = Debug|Any CPU
		Release|Any CPU = Release|Any CPU
	EndGlobalSection
	GlobalSection(ProjectConfigurationPlatforms) = postSolution
		{9DBCABC3-82D8-4768-A28D-6788007BAD33}.Debug|Any CPU.ActiveCfg = Debug|Any CPU
		{9DBCABC3-82D8-4768-A28D-6788007BAD33}.Debug|Any CPU.Build.0 = Debug|Any CPU
		{9DBCABC3-82D8-4768-A28D-6788007BAD33}.Release|Any CPU.ActiveCfg = Release|Any CPU
		{9DBCABC3-82D8-4768-A28D-6788007BAD33}.Release|Any CPU.Build.0 = Release|Any CPU
	EndGlobalSection
	GlobalSection(SolutionProperties) = preSolution
		HideSolutionNode = FALSE
	EndGlobalSection
	GlobalSection(ExtensibilityGlobals) = postSolution
		SolutionGuid = {AAB62522-8194-4622-B0C0-5A5257B825CA}
	EndGlobalSection
EndGlobal
