
Microsoft Visual Studio Solution File, Format Version 12.00
# Visual Studio Version 17
VisualStudioVersion = 17.4.33213.308
MinimumVisualStudioVersion = 10.0.40219.1
Project("{FAE04EC0-301F-11D3-BF4B-00C04F79EFBC}") = "BlazorApp2_syncfusion.Server", "BlazorApp2_syncfusion\Server\BlazorApp2_syncfusion.Server.csproj", "{ED356553-CA4C-4FFA-8CB5-EB295002D06E}"
EndProject
Project("{FAE04EC0-301F-11D3-BF4B-00C04F79EFBC}") = "BlazorApp2_syncfusion.Client", "BlazorApp2_syncfusion\Client\BlazorApp2_syncfusion.Client.csproj", "{71D68580-C932-459F-AA32-871512F3AFB3}"
EndProject
Project("{FAE04EC0-301F-11D3-BF4B-00C04F79EFBC}") = "BlazorApp2_syncfusion.Shared", "BlazorApp2_syncfusion\Shared\BlazorApp2_syncfusion.Shared.csproj", "{BF5489B3-1F6F-4F2A-A79A-524AC2BA222C}"
EndProject
Global
	GlobalSection(SolutionConfigurationPlatforms) = preSolution
		Debug|Any CPU = Debug|Any CPU
		Release|Any CPU = Release|Any CPU
	EndGlobalSection
	GlobalSection(ProjectConfigurationPlatforms) = postSolution
		{ED356553-CA4C-4FFA-8CB5-EB295002D06E}.Debug|Any CPU.ActiveCfg = Debug|Any CPU
		{ED356553-CA4C-4FFA-8CB5-EB295002D06E}.Debug|Any CPU.Build.0 = Debug|Any CPU
		{ED356553-CA4C-4FFA-8CB5-EB295002D06E}.Release|Any CPU.ActiveCfg = Release|Any CPU
		{ED356553-CA4C-4FFA-8CB5-EB295002D06E}.Release|Any CPU.Build.0 = Release|Any CPU
		{71D68580-C932-459F-AA32-871512F3AFB3}.Debug|Any CPU.ActiveCfg = Debug|Any CPU
		{71D68580-C932-459F-AA32-871512F3AFB3}.Debug|Any CPU.Build.0 = Debug|Any CPU
		{71D68580-C932-459F-AA32-871512F3AFB3}.Release|Any CPU.ActiveCfg = Release|Any CPU
		{71D68580-C932-459F-AA32-871512F3AFB3}.Release|Any CPU.Build.0 = Release|Any CPU
		{BF5489B3-1F6F-4F2A-A79A-524AC2BA222C}.Debug|Any CPU.ActiveCfg = Debug|Any CPU
		{BF5489B3-1F6F-4F2A-A79A-524AC2BA222C}.Debug|Any CPU.Build.0 = Debug|Any CPU
		{BF5489B3-1F6F-4F2A-A79A-524AC2BA222C}.Release|Any CPU.ActiveCfg = Release|Any CPU
		{BF5489B3-1F6F-4F2A-A79A-524AC2BA222C}.Release|Any CPU.Build.0 = Release|Any CPU
	EndGlobalSection
	GlobalSection(SolutionProperties) = preSolution
		HideSolutionNode = FALSE
	EndGlobalSection
	GlobalSection(ExtensibilityGlobals) = postSolution
		SolutionGuid = {371CABA9-C26D-4F3D-BCFA-AA7E56471716}
	EndGlobalSection
EndGlobal
