
Microsoft Visual Studio Solution File, Format Version 12.00
# Visual Studio Version 17
VisualStudioVersion = 17.4.33213.308
MinimumVisualStudioVersion = 10.0.40219.1
Project("{FAE04EC0-301F-11D3-BF4B-00C04F79EFBC}") = "BlazorApp2_chartjs_server_to_client.Server", "BlazorApp2_chartjs_server_to_client\Server\BlazorApp2_chartjs_server_to_client.Server.csproj", "{C58F5362-5771-461F-BFB6-6C55E7936D99}"
EndProject
Project("{FAE04EC0-301F-11D3-BF4B-00C04F79EFBC}") = "BlazorApp2_chartjs_server_to_client.Client", "BlazorApp2_chartjs_server_to_client\Client\BlazorApp2_chartjs_server_to_client.Client.csproj", "{75CE6806-033E-4DF5-A573-B448F50917DE}"
EndProject
Project("{FAE04EC0-301F-11D3-BF4B-00C04F79EFBC}") = "BlazorApp2_chartjs_server_to_client.Shared", "BlazorApp2_chartjs_server_to_client\Shared\BlazorApp2_chartjs_server_to_client.Shared.csproj", "{FFFB434E-EAD7-460D-93DD-01BA34DC27C8}"
EndProject
Global
	GlobalSection(SolutionConfigurationPlatforms) = preSolution
		Debug|Any CPU = Debug|Any CPU
		Release|Any CPU = Release|Any CPU
	EndGlobalSection
	GlobalSection(ProjectConfigurationPlatforms) = postSolution
		{C58F5362-5771-461F-BFB6-6C55E7936D99}.Debug|Any CPU.ActiveCfg = Debug|Any CPU
		{C58F5362-5771-461F-BFB6-6C55E7936D99}.Debug|Any CPU.Build.0 = Debug|Any CPU
		{C58F5362-5771-461F-BFB6-6C55E7936D99}.Release|Any CPU.ActiveCfg = Release|Any CPU
		{C58F5362-5771-461F-BFB6-6C55E7936D99}.Release|Any CPU.Build.0 = Release|Any CPU
		{75CE6806-033E-4DF5-A573-B448F50917DE}.Debug|Any CPU.ActiveCfg = Debug|Any CPU
		{75CE6806-033E-4DF5-A573-B448F50917DE}.Debug|Any CPU.Build.0 = Debug|Any CPU
		{75CE6806-033E-4DF5-A573-B448F50917DE}.Release|Any CPU.ActiveCfg = Release|Any CPU
		{75CE6806-033E-4DF5-A573-B448F50917DE}.Release|Any CPU.Build.0 = Release|Any CPU
		{FFFB434E-EAD7-460D-93DD-01BA34DC27C8}.Debug|Any CPU.ActiveCfg = Debug|Any CPU
		{FFFB434E-EAD7-460D-93DD-01BA34DC27C8}.Debug|Any CPU.Build.0 = Debug|Any CPU
		{FFFB434E-EAD7-460D-93DD-01BA34DC27C8}.Release|Any CPU.ActiveCfg = Release|Any CPU
		{FFFB434E-EAD7-460D-93DD-01BA34DC27C8}.Release|Any CPU.Build.0 = Release|Any CPU
	EndGlobalSection
	GlobalSection(SolutionProperties) = preSolution
		HideSolutionNode = FALSE
	EndGlobalSection
	GlobalSection(ExtensibilityGlobals) = postSolution
		SolutionGuid = {19E4139B-2ADF-49C9-A0AB-3525DF1D0A99}
	EndGlobalSection
EndGlobal
