
Microsoft Visual Studio Solution File, Format Version 12.00
# Visual Studio Version 17
VisualStudioVersion = 17.4.33213.308
MinimumVisualStudioVersion = 10.0.40219.1
Project("{FAE04EC0-301F-11D3-BF4B-00C04F79EFBC}") = "BlazorApp2_Production_server", "BlazorApp2_Production_server\BlazorApp2_Production_server.csproj", "{3276D1EC-9D31-40E6-9333-FAF755A67BAB}"
EndProject
Global
	GlobalSection(SolutionConfigurationPlatforms) = preSolution
		Debug|Any CPU = Debug|Any CPU
		Release|Any CPU = Release|Any CPU
	EndGlobalSection
	GlobalSection(ProjectConfigurationPlatforms) = postSolution
		{3276D1EC-9D31-40E6-9333-FAF755A67BAB}.Debug|Any CPU.ActiveCfg = Debug|Any CPU
		{3276D1EC-9D31-40E6-9333-FAF755A67BAB}.Debug|Any CPU.Build.0 = Debug|Any CPU
		{3276D1EC-9D31-40E6-9333-FAF755A67BAB}.Release|Any CPU.ActiveCfg = Release|Any CPU
		{3276D1EC-9D31-40E6-9333-FAF755A67BAB}.Release|Any CPU.Build.0 = Release|Any CPU
	EndGlobalSection
	GlobalSection(SolutionProperties) = preSolution
		HideSolutionNode = FALSE
	EndGlobalSection
	GlobalSection(ExtensibilityGlobals) = postSolution
		SolutionGuid = {07935CF2-7305-47FC-AEFB-FB0F76220BCE}
	EndGlobalSection
EndGlobal
